{
  "object": {
    "pins": [
      {
        "package": "SDL",
        "repositoryURL": "https://github.com/alexanderuv/SDL",
        "state": {
          "branch": "master",
          "revision": "980c6a9470cb77aab58488e8d7e9e0870d818559",
          "version": null
        }
      }
    ]
  },
  "version": 1
}
